
Microsoft Visual Studio Solution File, Format Version 12.00
# Visual Studio Version 16
VisualStudioVersion = 16.0.29519.181
MinimumVisualStudioVersion = 10.0.40219.1
Project("{888888A0-9F3D-457C-B088-3A5042F75D52}") = "ScriptLanguage-TP", "ScriptLanguage-TP\ScriptLanguage-TP.pyproj", "{D58E6CCE-BF50-4267-8CD7-C1BE9BDBCA70}"
EndProject
Global
	GlobalSection(SolutionConfigurationPlatforms) = preSolution
		Debug|Any CPU = Debug|Any CPU
		Release|Any CPU = Release|Any CPU
	EndGlobalSection
	GlobalSection(ProjectConfigurationPlatforms) = postSolution
		{D58E6CCE-BF50-4267-8CD7-C1BE9BDBCA70}.Debug|Any CPU.ActiveCfg = Debug|Any CPU
		{D58E6CCE-BF50-4267-8CD7-C1BE9BDBCA70}.Release|Any CPU.ActiveCfg = Release|Any CPU
	EndGlobalSection
	GlobalSection(SolutionProperties) = preSolution
		HideSolutionNode = FALSE
	EndGlobalSection
	GlobalSection(ExtensibilityGlobals) = postSolution
		SolutionGuid = {6630C90A-98F6-4FEE-A370-D162422C47EE}
	EndGlobalSection
EndGlobal
